
Microsoft Visual Studio Solution File, Format Version 12.00
# Visual Studio 15
VisualStudioVersion = 15.0.28307.902
MinimumVisualStudioVersion = 10.0.40219.1
Project("{8BC9CEB8-8B4A-11D0-8D11-00A0C91BC942}") = "Lista8", "Lista8\Lista8.vcxproj", "{8B5DBB17-183B-4927-8546-0AFB93C8A897}"
EndProject
Global
	GlobalSection(SolutionConfigurationPlatforms) = preSolution
		Debug|x64 = Debug|x64
		Debug|x86 = Debug|x86
		Release|x64 = Release|x64
		Release|x86 = Release|x86
	EndGlobalSection
	GlobalSection(ProjectConfigurationPlatforms) = postSolution
		{8B5DBB17-183B-4927-8546-0AFB93C8A897}.Debug|x64.ActiveCfg = Debug|x64
		{8B5DBB17-183B-4927-8546-0AFB93C8A897}.Debug|x64.Build.0 = Debug|x64
		{8B5DBB17-183B-4927-8546-0AFB93C8A897}.Debug|x86.ActiveCfg = Debug|Win32
		{8B5DBB17-183B-4927-8546-0AFB93C8A897}.Debug|x86.Build.0 = Debug|Win32
		{8B5DBB17-183B-4927-8546-0AFB93C8A897}.Release|x64.ActiveCfg = Release|x64
		{8B5DBB17-183B-4927-8546-0AFB93C8A897}.Release|x64.Build.0 = Release|x64
		{8B5DBB17-183B-4927-8546-0AFB93C8A897}.Release|x86.ActiveCfg = Release|Win32
		{8B5DBB17-183B-4927-8546-0AFB93C8A897}.Release|x86.Build.0 = Release|Win32
	EndGlobalSection
	GlobalSection(SolutionProperties) = preSolution
		HideSolutionNode = FALSE
	EndGlobalSection
	GlobalSection(ExtensibilityGlobals) = postSolution
		SolutionGuid = {4C11C225-2F16-4594-B55B-F836918CE9E8}
	EndGlobalSection
EndGlobal
